
Microsoft Visual Studio Solution File, Format Version 12.00
# Visual Studio Version 16
VisualStudioVersion = 16.0.28729.10
MinimumVisualStudioVersion = 10.0.40219.1
Project("{2150E333-8FDC-42A3-9474-1A3956D46DE8}") = "Transverse", "Transverse", "{64805170-5D24-460C-A1F6-B8E6E7260681}"
EndProject
Project("{2150E333-8FDC-42A3-9474-1A3956D46DE8}") = "Common", "Common", "{C103BB93-9FD9-408D-A117-198FAF3D7393}"
EndProject
Project("{9A19103F-16F7-4668-BE54-9A1E7A4F7556}") = "Survey.Common", "Survey.Common\Survey.Common.csproj", "{B1C834C3-AEC5-49D3-9485-89EF4E689CF2}"
EndProject
Project("{9A19103F-16F7-4668-BE54-9A1E7A4F7556}") = "Transverse.API", "Transverse.API\Transverse.API.csproj", "{CB2C3DD0-7CCD-454E-AFC8-29A7C3C59322}"
EndProject
Project("{9A19103F-16F7-4668-BE54-9A1E7A4F7556}") = "Transverse.Contract", "Transverse.Contract\Transverse.Contract.csproj", "{CA0841F1-8BF5-4B28-AEE3-F9EB509DDA2F}"
EndProject
Project("{9A19103F-16F7-4668-BE54-9A1E7A4F7556}") = "Transverse.Domain", "Transverse.Domain\Transverse.Domain.csproj", "{64F5CDA3-2481-477A-9818-ED842B59CAB7}"
EndProject
Project("{9A19103F-16F7-4668-BE54-9A1E7A4F7556}") = "Transverse.Infrastracture", "Transverse.Infrastracture\Transverse.Infrastracture.csproj", "{545CDEB5-A539-41FA-A20D-A4652C39C120}"
EndProject
Project("{9A19103F-16F7-4668-BE54-9A1E7A4F7556}") = "Transverse.Service", "Transverse.Service\Transverse.Service.csproj", "{42389CA7-074A-4D21-AE7B-4F21D5A52E4B}"
EndProject
Project("{2150E333-8FDC-42A3-9474-1A3956D46DE8}") = "Presentation", "Presentation", "{ADA33BAE-CB59-4B4C-9D9B-3A9C01C7A291}"
EndProject
Project("{9A19103F-16F7-4668-BE54-9A1E7A4F7556}") = "Survey.Api", "Survey.API\Survey.Api.csproj", "{0B1A4209-37A8-4E71-9CAB-EE246E08229A}"
EndProject
Global
	GlobalSection(SolutionConfigurationPlatforms) = preSolution
		Debug|Any CPU = Debug|Any CPU
		Release|Any CPU = Release|Any CPU
	EndGlobalSection
	GlobalSection(ProjectConfigurationPlatforms) = postSolution
		{B1C834C3-AEC5-49D3-9485-89EF4E689CF2}.Debug|Any CPU.ActiveCfg = Debug|Any CPU
		{B1C834C3-AEC5-49D3-9485-89EF4E689CF2}.Debug|Any CPU.Build.0 = Debug|Any CPU
		{B1C834C3-AEC5-49D3-9485-89EF4E689CF2}.Release|Any CPU.ActiveCfg = Release|Any CPU
		{B1C834C3-AEC5-49D3-9485-89EF4E689CF2}.Release|Any CPU.Build.0 = Release|Any CPU
		{CB2C3DD0-7CCD-454E-AFC8-29A7C3C59322}.Debug|Any CPU.ActiveCfg = Debug|Any CPU
		{CB2C3DD0-7CCD-454E-AFC8-29A7C3C59322}.Debug|Any CPU.Build.0 = Debug|Any CPU
		{CB2C3DD0-7CCD-454E-AFC8-29A7C3C59322}.Release|Any CPU.ActiveCfg = Release|Any CPU
		{CB2C3DD0-7CCD-454E-AFC8-29A7C3C59322}.Release|Any CPU.Build.0 = Release|Any CPU
		{CA0841F1-8BF5-4B28-AEE3-F9EB509DDA2F}.Debug|Any CPU.ActiveCfg = Debug|Any CPU
		{CA0841F1-8BF5-4B28-AEE3-F9EB509DDA2F}.Debug|Any CPU.Build.0 = Debug|Any CPU
		{CA0841F1-8BF5-4B28-AEE3-F9EB509DDA2F}.Release|Any CPU.ActiveCfg = Release|Any CPU
		{CA0841F1-8BF5-4B28-AEE3-F9EB509DDA2F}.Release|Any CPU.Build.0 = Release|Any CPU
		{64F5CDA3-2481-477A-9818-ED842B59CAB7}.Debug|Any CPU.ActiveCfg = Debug|Any CPU
		{64F5CDA3-2481-477A-9818-ED842B59CAB7}.Debug|Any CPU.Build.0 = Debug|Any CPU
		{64F5CDA3-2481-477A-9818-ED842B59CAB7}.Release|Any CPU.ActiveCfg = Release|Any CPU
		{64F5CDA3-2481-477A-9818-ED842B59CAB7}.Release|Any CPU.Build.0 = Release|Any CPU
		{545CDEB5-A539-41FA-A20D-A4652C39C120}.Debug|Any CPU.ActiveCfg = Debug|Any CPU
		{545CDEB5-A539-41FA-A20D-A4652C39C120}.Debug|Any CPU.Build.0 = Debug|Any CPU
		{545CDEB5-A539-41FA-A20D-A4652C39C120}.Release|Any CPU.ActiveCfg = Release|Any CPU
		{545CDEB5-A539-41FA-A20D-A4652C39C120}.Release|Any CPU.Build.0 = Release|Any CPU
		{42389CA7-074A-4D21-AE7B-4F21D5A52E4B}.Debug|Any CPU.ActiveCfg = Debug|Any CPU
		{42389CA7-074A-4D21-AE7B-4F21D5A52E4B}.Debug|Any CPU.Build.0 = Debug|Any CPU
		{42389CA7-074A-4D21-AE7B-4F21D5A52E4B}.Release|Any CPU.ActiveCfg = Release|Any CPU
		{42389CA7-074A-4D21-AE7B-4F21D5A52E4B}.Release|Any CPU.Build.0 = Release|Any CPU
		{0B1A4209-37A8-4E71-9CAB-EE246E08229A}.Debug|Any CPU.ActiveCfg = Debug|Any CPU
		{0B1A4209-37A8-4E71-9CAB-EE246E08229A}.Debug|Any CPU.Build.0 = Debug|Any CPU
		{0B1A4209-37A8-4E71-9CAB-EE246E08229A}.Release|Any CPU.ActiveCfg = Release|Any CPU
		{0B1A4209-37A8-4E71-9CAB-EE246E08229A}.Release|Any CPU.Build.0 = Release|Any CPU
	EndGlobalSection
	GlobalSection(SolutionProperties) = preSolution
		HideSolutionNode = FALSE
	EndGlobalSection
	GlobalSection(NestedProjects) = preSolution
		{B1C834C3-AEC5-49D3-9485-89EF4E689CF2} = {C103BB93-9FD9-408D-A117-198FAF3D7393}
		{CB2C3DD0-7CCD-454E-AFC8-29A7C3C59322} = {64805170-5D24-460C-A1F6-B8E6E7260681}
		{CA0841F1-8BF5-4B28-AEE3-F9EB509DDA2F} = {64805170-5D24-460C-A1F6-B8E6E7260681}
		{64F5CDA3-2481-477A-9818-ED842B59CAB7} = {64805170-5D24-460C-A1F6-B8E6E7260681}
		{545CDEB5-A539-41FA-A20D-A4652C39C120} = {64805170-5D24-460C-A1F6-B8E6E7260681}
		{42389CA7-074A-4D21-AE7B-4F21D5A52E4B} = {64805170-5D24-460C-A1F6-B8E6E7260681}
		{0B1A4209-37A8-4E71-9CAB-EE246E08229A} = {ADA33BAE-CB59-4B4C-9D9B-3A9C01C7A291}
	EndGlobalSection
	GlobalSection(ExtensibilityGlobals) = postSolution
		SolutionGuid = {5BAB4434-154A-4BB3-8339-51997B1BE3FD}
	EndGlobalSection
EndGlobal
