
Microsoft Visual Studio Solution File, Format Version 12.00
# Visual Studio Version 16
VisualStudioVersion = 16.0.28729.10
MinimumVisualStudioVersion = 10.0.40219.1
Project("{2150E333-8FDC-42A3-9474-1A3956D46DE8}") = "Transverse", "Transverse", "{64805170-5D24-460C-A1F6-B8E6E7260681}"
EndProject
Project("{2150E333-8FDC-42A3-9474-1A3956D46DE8}") = "Common", "Common", "{C103BB93-9FD9-408D-A117-198FAF3D7393}"
EndProject
Project("{9A19103F-16F7-4668-BE54-9A1E7A4F7556}") = "Transverse.API", "Transverse.API\Transverse.API.csproj", "{CB2C3DD0-7CCD-454E-AFC8-29A7C3C59322}"
EndProject
Project("{9A19103F-16F7-4668-BE54-9A1E7A4F7556}") = "Transverse.Contract", "Transverse.Contract\Transverse.Contract.csproj", "{CA0841F1-8BF5-4B28-AEE3-F9EB509DDA2F}"
EndProject
Project("{9A19103F-16F7-4668-BE54-9A1E7A4F7556}") = "Transverse.Domain", "Transverse.Domain\Transverse.Domain.csproj", "{64F5CDA3-2481-477A-9818-ED842B59CAB7}"
EndProject
Project("{9A19103F-16F7-4668-BE54-9A1E7A4F7556}") = "Transverse.Infrastracture", "Transverse.Infrastracture\Transverse.Infrastracture.csproj", "{545CDEB5-A539-41FA-A20D-A4652C39C120}"
EndProject
Project("{9A19103F-16F7-4668-BE54-9A1E7A4F7556}") = "Transverse.Service", "Transverse.Service\Transverse.Service.csproj", "{42389CA7-074A-4D21-AE7B-4F21D5A52E4B}"
EndProject
Project("{2150E333-8FDC-42A3-9474-1A3956D46DE8}") = "Presentation", "Presentation", "{ADA33BAE-CB59-4B4C-9D9B-3A9C01C7A291}"
EndProject
Project("{9A19103F-16F7-4668-BE54-9A1E7A4F7556}") = "Survey.Api", "Survey.API\Survey.Api.csproj", "{0B1A4209-37A8-4E71-9CAB-EE246E08229A}"
EndProject
Project("{2150E333-8FDC-42A3-9474-1A3956D46DE8}") = "Testing", "Testing", "{57E5688C-2412-4838-8DF9-DCEBE97CDFB1}"
EndProject
Project("{9A19103F-16F7-4668-BE54-9A1E7A4F7556}") = "Survey.Domain.Tests", "Survey.Domain.Tests\Survey.Domain.Tests.csproj", "{78E1AE8E-E810-4E77-A544-CAC0E77657AD}"
EndProject
Project("{9A19103F-16F7-4668-BE54-9A1E7A4F7556}") = "Survey", "Survey\Survey.csproj", "{E4816E40-EB1A-4599-8040-E325ACDE46A1}"
EndProject
Project("{2150E333-8FDC-42A3-9474-1A3956D46DE8}") = "Survey.Identity", "Survey.Identity", "{9D2B4E4A-3F0C-4479-9FA7-43E9B5F53A92}"
EndProject
Project("{2150E333-8FDC-42A3-9474-1A3956D46DE8}") = "src", "src", "{623BEEC2-4B98-41E7-B6F3-FDB935058115}"
EndProject
Project("{2150E333-8FDC-42A3-9474-1A3956D46DE8}") = "tests", "tests", "{EA0C21DC-9D5C-4162-B2D3-43B1D19213E9}"
EndProject
Project("{9A19103F-16F7-4668-BE54-9A1E7A4F7556}") = "Survey.Identity", "Survey.Identity\src\Survey.Identity\Survey.Identity.csproj", "{A48CC3B1-C0FD-40EF-8A37-F1399F5928CB}"
EndProject
Project("{FAE04EC0-301F-11D3-BF4B-00C04F79EFBC}") = "Survey.CQRS", "Survey.CQRS\Survey.CQRS.csproj", "{7824BD9C-AB23-4F34-8B9E-3C17FE696E6A}"
EndProject
Project("{FAE04EC0-301F-11D3-BF4B-00C04F79EFBC}") = "Survey.Mongo", "Survey.Mongo\Survey.Mongo.csproj", "{D173CACA-98EE-4C06-A3E6-AD70A2BF2BC9}"
EndProject
Project("{FAE04EC0-301F-11D3-BF4B-00C04F79EFBC}") = "Survey.Auth", "Survey.Auth\Survey.Auth.csproj", "{8FA40C5A-B514-4ECF-B0CC-5BCABD6B2E27}"
EndProject
Global
	GlobalSection(SolutionConfigurationPlatforms) = preSolution
		Debug|Any CPU = Debug|Any CPU
		Release|Any CPU = Release|Any CPU
	EndGlobalSection
	GlobalSection(ProjectConfigurationPlatforms) = postSolution
		{CB2C3DD0-7CCD-454E-AFC8-29A7C3C59322}.Debug|Any CPU.ActiveCfg = Debug|Any CPU
		{CB2C3DD0-7CCD-454E-AFC8-29A7C3C59322}.Debug|Any CPU.Build.0 = Debug|Any CPU
		{CB2C3DD0-7CCD-454E-AFC8-29A7C3C59322}.Release|Any CPU.ActiveCfg = Release|Any CPU
		{CB2C3DD0-7CCD-454E-AFC8-29A7C3C59322}.Release|Any CPU.Build.0 = Release|Any CPU
		{CA0841F1-8BF5-4B28-AEE3-F9EB509DDA2F}.Debug|Any CPU.ActiveCfg = Debug|Any CPU
		{CA0841F1-8BF5-4B28-AEE3-F9EB509DDA2F}.Debug|Any CPU.Build.0 = Debug|Any CPU
		{CA0841F1-8BF5-4B28-AEE3-F9EB509DDA2F}.Release|Any CPU.ActiveCfg = Release|Any CPU
		{CA0841F1-8BF5-4B28-AEE3-F9EB509DDA2F}.Release|Any CPU.Build.0 = Release|Any CPU
		{64F5CDA3-2481-477A-9818-ED842B59CAB7}.Debug|Any CPU.ActiveCfg = Debug|Any CPU
		{64F5CDA3-2481-477A-9818-ED842B59CAB7}.Debug|Any CPU.Build.0 = Debug|Any CPU
		{64F5CDA3-2481-477A-9818-ED842B59CAB7}.Release|Any CPU.ActiveCfg = Release|Any CPU
		{64F5CDA3-2481-477A-9818-ED842B59CAB7}.Release|Any CPU.Build.0 = Release|Any CPU
		{545CDEB5-A539-41FA-A20D-A4652C39C120}.Debug|Any CPU.ActiveCfg = Debug|Any CPU
		{545CDEB5-A539-41FA-A20D-A4652C39C120}.Debug|Any CPU.Build.0 = Debug|Any CPU
		{545CDEB5-A539-41FA-A20D-A4652C39C120}.Release|Any CPU.ActiveCfg = Release|Any CPU
		{545CDEB5-A539-41FA-A20D-A4652C39C120}.Release|Any CPU.Build.0 = Release|Any CPU
		{42389CA7-074A-4D21-AE7B-4F21D5A52E4B}.Debug|Any CPU.ActiveCfg = Debug|Any CPU
		{42389CA7-074A-4D21-AE7B-4F21D5A52E4B}.Debug|Any CPU.Build.0 = Debug|Any CPU
		{42389CA7-074A-4D21-AE7B-4F21D5A52E4B}.Release|Any CPU.ActiveCfg = Release|Any CPU
		{42389CA7-074A-4D21-AE7B-4F21D5A52E4B}.Release|Any CPU.Build.0 = Release|Any CPU
		{0B1A4209-37A8-4E71-9CAB-EE246E08229A}.Debug|Any CPU.ActiveCfg = Debug|Any CPU
		{0B1A4209-37A8-4E71-9CAB-EE246E08229A}.Debug|Any CPU.Build.0 = Debug|Any CPU
		{0B1A4209-37A8-4E71-9CAB-EE246E08229A}.Release|Any CPU.ActiveCfg = Release|Any CPU
		{0B1A4209-37A8-4E71-9CAB-EE246E08229A}.Release|Any CPU.Build.0 = Release|Any CPU
		{78E1AE8E-E810-4E77-A544-CAC0E77657AD}.Debug|Any CPU.ActiveCfg = Debug|Any CPU
		{78E1AE8E-E810-4E77-A544-CAC0E77657AD}.Debug|Any CPU.Build.0 = Debug|Any CPU
		{78E1AE8E-E810-4E77-A544-CAC0E77657AD}.Release|Any CPU.ActiveCfg = Release|Any CPU
		{78E1AE8E-E810-4E77-A544-CAC0E77657AD}.Release|Any CPU.Build.0 = Release|Any CPU
		{E4816E40-EB1A-4599-8040-E325ACDE46A1}.Debug|Any CPU.ActiveCfg = Debug|Any CPU
		{E4816E40-EB1A-4599-8040-E325ACDE46A1}.Debug|Any CPU.Build.0 = Debug|Any CPU
		{E4816E40-EB1A-4599-8040-E325ACDE46A1}.Release|Any CPU.ActiveCfg = Release|Any CPU
		{E4816E40-EB1A-4599-8040-E325ACDE46A1}.Release|Any CPU.Build.0 = Release|Any CPU
		{A48CC3B1-C0FD-40EF-8A37-F1399F5928CB}.Debug|Any CPU.ActiveCfg = Debug|Any CPU
		{A48CC3B1-C0FD-40EF-8A37-F1399F5928CB}.Debug|Any CPU.Build.0 = Debug|Any CPU
		{A48CC3B1-C0FD-40EF-8A37-F1399F5928CB}.Release|Any CPU.ActiveCfg = Release|Any CPU
		{A48CC3B1-C0FD-40EF-8A37-F1399F5928CB}.Release|Any CPU.Build.0 = Release|Any CPU
		{7824BD9C-AB23-4F34-8B9E-3C17FE696E6A}.Debug|Any CPU.ActiveCfg = Debug|Any CPU
		{7824BD9C-AB23-4F34-8B9E-3C17FE696E6A}.Debug|Any CPU.Build.0 = Debug|Any CPU
		{7824BD9C-AB23-4F34-8B9E-3C17FE696E6A}.Release|Any CPU.ActiveCfg = Release|Any CPU
		{7824BD9C-AB23-4F34-8B9E-3C17FE696E6A}.Release|Any CPU.Build.0 = Release|Any CPU
		{D173CACA-98EE-4C06-A3E6-AD70A2BF2BC9}.Debug|Any CPU.ActiveCfg = Debug|Any CPU
		{D173CACA-98EE-4C06-A3E6-AD70A2BF2BC9}.Debug|Any CPU.Build.0 = Debug|Any CPU
		{D173CACA-98EE-4C06-A3E6-AD70A2BF2BC9}.Release|Any CPU.ActiveCfg = Release|Any CPU
		{D173CACA-98EE-4C06-A3E6-AD70A2BF2BC9}.Release|Any CPU.Build.0 = Release|Any CPU
		{8FA40C5A-B514-4ECF-B0CC-5BCABD6B2E27}.Debug|Any CPU.ActiveCfg = Debug|Any CPU
		{8FA40C5A-B514-4ECF-B0CC-5BCABD6B2E27}.Debug|Any CPU.Build.0 = Debug|Any CPU
		{8FA40C5A-B514-4ECF-B0CC-5BCABD6B2E27}.Release|Any CPU.ActiveCfg = Release|Any CPU
		{8FA40C5A-B514-4ECF-B0CC-5BCABD6B2E27}.Release|Any CPU.Build.0 = Release|Any CPU
	EndGlobalSection
	GlobalSection(SolutionProperties) = preSolution
		HideSolutionNode = FALSE
	EndGlobalSection
	GlobalSection(NestedProjects) = preSolution
		{CB2C3DD0-7CCD-454E-AFC8-29A7C3C59322} = {64805170-5D24-460C-A1F6-B8E6E7260681}
		{CA0841F1-8BF5-4B28-AEE3-F9EB509DDA2F} = {64805170-5D24-460C-A1F6-B8E6E7260681}
		{64F5CDA3-2481-477A-9818-ED842B59CAB7} = {64805170-5D24-460C-A1F6-B8E6E7260681}
		{545CDEB5-A539-41FA-A20D-A4652C39C120} = {64805170-5D24-460C-A1F6-B8E6E7260681}
		{42389CA7-074A-4D21-AE7B-4F21D5A52E4B} = {64805170-5D24-460C-A1F6-B8E6E7260681}
		{0B1A4209-37A8-4E71-9CAB-EE246E08229A} = {ADA33BAE-CB59-4B4C-9D9B-3A9C01C7A291}
		{78E1AE8E-E810-4E77-A544-CAC0E77657AD} = {57E5688C-2412-4838-8DF9-DCEBE97CDFB1}
		{E4816E40-EB1A-4599-8040-E325ACDE46A1} = {C103BB93-9FD9-408D-A117-198FAF3D7393}
		{623BEEC2-4B98-41E7-B6F3-FDB935058115} = {9D2B4E4A-3F0C-4479-9FA7-43E9B5F53A92}
		{EA0C21DC-9D5C-4162-B2D3-43B1D19213E9} = {9D2B4E4A-3F0C-4479-9FA7-43E9B5F53A92}
		{A48CC3B1-C0FD-40EF-8A37-F1399F5928CB} = {623BEEC2-4B98-41E7-B6F3-FDB935058115}
		{7824BD9C-AB23-4F34-8B9E-3C17FE696E6A} = {C103BB93-9FD9-408D-A117-198FAF3D7393}
		{D173CACA-98EE-4C06-A3E6-AD70A2BF2BC9} = {C103BB93-9FD9-408D-A117-198FAF3D7393}
		{8FA40C5A-B514-4ECF-B0CC-5BCABD6B2E27} = {C103BB93-9FD9-408D-A117-198FAF3D7393}
	EndGlobalSection
	GlobalSection(ExtensibilityGlobals) = postSolution
		SolutionGuid = {5BAB4434-154A-4BB3-8339-51997B1BE3FD}
	EndGlobalSection
EndGlobal
